<Solution>
  <Folder Name="/src/">
    <Project Path="src/FulfillmentTracker.Application/FulfillmentTracker.Application.csproj" Id="4699129f-3a18-4471-baf6-7632c6fb3494" />
    <Project Path="src/FulfillmentTracker.Domain/FulfillmentTracker.Domain.csproj" />
    <Project Path="src/FulfillmentTracker.Harness/FulfillmentTracker.Harness.csproj" Id="8e9ed774-3218-4055-a8fa-5b409ec3f660" />
    <Project Path="src/FulfillmentTracker.Infrastructure/FulfillmentTracker.Infrastructure.csproj" Id="ba5eb08d-8031-43bc-a358-6d8299ea9a4e" />
    <Project Path="src/FulfillmentTracker.Sdk/FulfillmentTracker.Sdk.csproj" Id="bcb6aafc-e21d-46a0-80ba-a5de5cf0b898" />
  </Folder>
</Solution>
